# This file is automatically @generated by Poetry 1.8.2 and should not be changed by hand.

[[package]]
name = "pyglet"
version = "2.0.14"
description = "pyglet is a cross-platform games and multimedia package."
optional = false
python-versions = ">=3.8"
files = [
    {file = "pyglet-2.0.14-py3-none-any.whl", hash = "sha256:483b9f8be0314c615490178ab49b10b0b07cb8691f565924aace433e60047ec3"},
    {file = "pyglet-2.0.14.tar.gz", hash = "sha256:9b3bef1532395d88600db115b2eea8c345d2851be48ad8ac64b152b16f089777"},
]

[[package]]
name = "simpleeval"
version = "0.9.13"
description = "A simple, safe single expression evaluator library."
optional = false
python-versions = "*"
files = [
    {file = "simpleeval-0.9.13-py2.py3-none-any.whl", hash = "sha256:22a2701a5006e4188d125d34accf2405c2c37c93f6b346f2484b6422415ae54a"},
    {file = "simpleeval-0.9.13.tar.gz", hash = "sha256:4a30f9cc01825fe4c719c785e3762623e350c4840d5e6855c2a8496baaa65fac"},
]

[metadata]
lock-version = "2.0"
python-versions = "^3.12"
content-hash = "ae7fb615d0d8d95c7ab07a2912f082295a85e975fa3c2747fdc313943bbf4d0b"
